
Microsoft Visual Studio Solution File, Format Version 12.00
# Visual Studio Version 16
VisualStudioVersion = 16.0.29102.190
MinimumVisualStudioVersion = 10.0.40219.1
Project("{FAE04EC0-301F-11D3-BF4B-00C04F79EFBC}") = "ConsoleApp154", "ConsoleApp154\ConsoleApp154.csproj", "{E11AC94F-9646-4F90-8951-EF04ED9A87B6}"
EndProject
Global
	GlobalSection(SolutionConfigurationPlatforms) = preSolution
		Debug|Any CPU = Debug|Any CPU
		Release|Any CPU = Release|Any CPU
	EndGlobalSection
	GlobalSection(ProjectConfigurationPlatforms) = postSolution
		{E11AC94F-9646-4F90-8951-EF04ED9A87B6}.Debug|Any CPU.ActiveCfg = Debug|Any CPU
		{E11AC94F-9646-4F90-8951-EF04ED9A87B6}.Debug|Any CPU.Build.0 = Debug|Any CPU
		{E11AC94F-9646-4F90-8951-EF04ED9A87B6}.Release|Any CPU.ActiveCfg = Release|Any CPU
		{E11AC94F-9646-4F90-8951-EF04ED9A87B6}.Release|Any CPU.Build.0 = Release|Any CPU
	EndGlobalSection
	GlobalSection(SolutionProperties) = preSolution
		HideSolutionNode = FALSE
	EndGlobalSection
	GlobalSection(ExtensibilityGlobals) = postSolution
		SolutionGuid = {2B55AD9D-C799-4171-92C7-8AADD79B7876}
	EndGlobalSection
EndGlobal
