
Microsoft Visual Studio Solution File, Format Version 12.00
# Visual Studio Version 16
VisualStudioVersion = 16.0.29102.190
MinimumVisualStudioVersion = 10.0.40219.1
Project("{FAE04EC0-301F-11D3-BF4B-00C04F79EFBC}") = "ConsoleApp175", "ConsoleApp175\ConsoleApp175.csproj", "{C1338312-C748-4453-B90B-1A3E18967585}"
EndProject
Global
	GlobalSection(SolutionConfigurationPlatforms) = preSolution
		Debug|Any CPU = Debug|Any CPU
		Release|Any CPU = Release|Any CPU
	EndGlobalSection
	GlobalSection(ProjectConfigurationPlatforms) = postSolution
		{C1338312-C748-4453-B90B-1A3E18967585}.Debug|Any CPU.ActiveCfg = Debug|Any CPU
		{C1338312-C748-4453-B90B-1A3E18967585}.Debug|Any CPU.Build.0 = Debug|Any CPU
		{C1338312-C748-4453-B90B-1A3E18967585}.Release|Any CPU.ActiveCfg = Release|Any CPU
		{C1338312-C748-4453-B90B-1A3E18967585}.Release|Any CPU.Build.0 = Release|Any CPU
	EndGlobalSection
	GlobalSection(SolutionProperties) = preSolution
		HideSolutionNode = FALSE
	EndGlobalSection
	GlobalSection(ExtensibilityGlobals) = postSolution
		SolutionGuid = {83783FA9-0686-4544-8354-D080427760AE}
	EndGlobalSection
EndGlobal
