
Microsoft Visual Studio Solution File, Format Version 12.00
# Visual Studio Version 16
VisualStudioVersion = 16.0.29102.190
MinimumVisualStudioVersion = 10.0.40219.1
Project("{FAE04EC0-301F-11D3-BF4B-00C04F79EFBC}") = "ConsoleApp131", "ConsoleApp131\ConsoleApp131.csproj", "{A8F93D25-BA19-4A6E-A476-91DA253D74BF}"
EndProject
Global
	GlobalSection(SolutionConfigurationPlatforms) = preSolution
		Debug|Any CPU = Debug|Any CPU
		Release|Any CPU = Release|Any CPU
	EndGlobalSection
	GlobalSection(ProjectConfigurationPlatforms) = postSolution
		{A8F93D25-BA19-4A6E-A476-91DA253D74BF}.Debug|Any CPU.ActiveCfg = Debug|Any CPU
		{A8F93D25-BA19-4A6E-A476-91DA253D74BF}.Debug|Any CPU.Build.0 = Debug|Any CPU
		{A8F93D25-BA19-4A6E-A476-91DA253D74BF}.Release|Any CPU.ActiveCfg = Release|Any CPU
		{A8F93D25-BA19-4A6E-A476-91DA253D74BF}.Release|Any CPU.Build.0 = Release|Any CPU
	EndGlobalSection
	GlobalSection(SolutionProperties) = preSolution
		HideSolutionNode = FALSE
	EndGlobalSection
	GlobalSection(ExtensibilityGlobals) = postSolution
		SolutionGuid = {4999A3ED-5095-4F95-83AD-11AC54A6305D}
	EndGlobalSection
EndGlobal
